<?xml version="1.0" encoding="utf-8"?>
<Project ToolsVersion="4.0" xmlns="http://schemas.microsoft.com/developer/msbuild/2003">
  <ItemGroup>
    <Filter Include="Quelldateien">
      <UniqueIdentifier>{4FC737F1-C7A5-4376-A066-2A32D752A2FF}</UniqueIdentifier>
      <Extensions>cpp;c;cc;cxx;c++;cppm;ixx;def;odl;idl;hpj;bat;asm;asmx</Extensions>
    </Filter>
    <Filter Include="Headerdateien">
      <UniqueIdentifier>{93995380-89BD-4b04-88EB-625FBE52EBFB}</UniqueIdentifier>
      <Extensions>h;hh;hpp;hxx;h++;hm;inl;inc;ipp;xsd</Extensions>
    </Filter>
    <Filter Include="Ressourcendateien">
      <UniqueIdentifier>{67DA6AB6-F800-4c08-8B7A-83BB121AAD01}</UniqueIdentifier>
      <Extensions>rc;ico;cur;bmp;dlg;rc2;rct;bin;rgs;gif;jpg;jpeg;jpe;resx;tiff;tif;png;wav;mfcribbon-ms</Extensions>
    </Filter>
  </ItemGroup>
  <ItemGroup>
    <ClInclude Include="AbstractMatrix.h">
      <Filter>Headerdateien</Filter>
    </ClInclude>
    <ClInclude Include="AbstractVector.h">
      <Filter>Headerdateien</Filter>
    </ClInclude>
    <ClInclude Include="ArrayUtilities.h">
      <Filter>Headerdateien</Filter>
    </ClInclude>
    <ClInclude Include="Cancelable.h">
      <Filter>Headerdateien</Filter>
    </ClInclude>
    <ClInclude Include="Compare.h">
      <Filter>Headerdateien</Filter>
    </ClInclude>
    <ClInclude Include="Computable.h">
      <Filter>Headerdateien</Filter>
    </ClInclude>
    <ClInclude Include="DateTimeUtilities.h">
      <Filter>Headerdateien</Filter>
    </ClInclude>
    <ClInclude Include="DenseMatrix.h">
      <Filter>Headerdateien</Filter>
    </ClInclude>
    <ClInclude Include="DenseVector.h">
      <Filter>Headerdateien</Filter>
    </ClInclude>
    <ClInclude Include="EnvironmentVariable.h">
      <Filter>Headerdateien</Filter>
    </ClInclude>
    <ClInclude Include="FileUtilities.h">
      <Filter>Headerdateien</Filter>
    </ClInclude>
    <ClInclude Include="Graph.h">
      <Filter>Headerdateien</Filter>
    </ClInclude>
    <ClInclude Include="InstructionSet.h">
      <Filter>Headerdateien</Filter>
    </ClInclude>
    <ClInclude Include="Log.h">
      <Filter>Headerdateien</Filter>
    </ClInclude>
    <ClInclude Include="MathTools.h">
      <Filter>Headerdateien</Filter>
    </ClInclude>
    <ClInclude Include="Point.h">
      <Filter>Headerdateien</Filter>
    </ClInclude>
    <ClInclude Include="Progress.h">
      <Filter>Headerdateien</Filter>
    </ClInclude>
    <ClInclude Include="ProgressForwarder.h">
      <Filter>Headerdateien</Filter>
    </ClInclude>
    <ClInclude Include="Progressing.h">
      <Filter>Headerdateien</Filter>
    </ClInclude>
    <ClInclude Include="ProgressListener.h">
      <Filter>Headerdateien</Filter>
    </ClInclude>
    <ClInclude Include="Regex.h">
      <Filter>Headerdateien</Filter>
    </ClInclude>
    <ClInclude Include="SettingsStore.h">
      <Filter>Headerdateien</Filter>
    </ClInclude>
    <ClInclude Include="SimpleReadWriteLock.h">
      <Filter>Headerdateien</Filter>
    </ClInclude>
    <ClInclude Include="SLESolver.h">
      <Filter>Headerdateien</Filter>
    </ClInclude>
    <ClInclude Include="SparseMatrix.h">
      <Filter>Headerdateien</Filter>
    </ClInclude>
    <ClInclude Include="SparseVector.h">
      <Filter>Headerdateien</Filter>
    </ClInclude>
    <ClInclude Include="SQLiteDatabase.h">
      <Filter>Headerdateien</Filter>
    </ClInclude>
    <ClInclude Include="SQLiteException.h">
      <Filter>Headerdateien</Filter>
    </ClInclude>
    <ClInclude Include="SQLiteTable.h">
      <Filter>Headerdateien</Filter>
    </ClInclude>
    <ClInclude Include="SQLiteTableRow.h">
      <Filter>Headerdateien</Filter>
    </ClInclude>
    <ClInclude Include="stdafx.h">
      <Filter>Headerdateien</Filter>
    </ClInclude>
    <ClInclude Include="StringUtilities.h">
      <Filter>Headerdateien</Filter>
    </ClInclude>
    <ClInclude Include="SynchronizedGraph.h">
      <Filter>Headerdateien</Filter>
    </ClInclude>
    <ClInclude Include="TextFileOutput.h">
      <Filter>Headerdateien</Filter>
    </ClInclude>
    <ClInclude Include="TimeMeasurement.h">
      <Filter>Headerdateien</Filter>
    </ClInclude>
    <ClInclude Include="Utilities.h">
      <Filter>Headerdateien</Filter>
    </ClInclude>
    <ClInclude Include="Vectors.h">
      <Filter>Headerdateien</Filter>
    </ClInclude>
    <ClInclude Include="Win32HeapRAII.h">
      <Filter>Headerdateien</Filter>
    </ClInclude>
  </ItemGroup>
  <ItemGroup>
    <ClCompile Include="AbstractMatrix.cpp">
      <Filter>Quelldateien</Filter>
    </ClCompile>
    <ClCompile Include="AbstractVector.cpp">
      <Filter>Quelldateien</Filter>
    </ClCompile>
    <ClCompile Include="Compare.cpp">
      <Filter>Quelldateien</Filter>
    </ClCompile>
    <ClCompile Include="DateTimeUtilities.cpp">
      <Filter>Quelldateien</Filter>
    </ClCompile>
    <ClCompile Include="DenseMatrix.cpp">
      <Filter>Quelldateien</Filter>
    </ClCompile>
    <ClCompile Include="DenseVector.cpp">
      <Filter>Quelldateien</Filter>
    </ClCompile>
    <ClCompile Include="EnvironmentVariable.cpp">
      <Filter>Quelldateien</Filter>
    </ClCompile>
    <ClCompile Include="FileUtilities.cpp">
      <Filter>Quelldateien</Filter>
    </ClCompile>
    <ClCompile Include="Graph.cpp">
      <Filter>Quelldateien</Filter>
    </ClCompile>
    <ClCompile Include="InsructionSet.cpp">
      <Filter>Quelldateien</Filter>
    </ClCompile>
    <ClCompile Include="Log.cpp">
      <Filter>Quelldateien</Filter>
    </ClCompile>
    <ClCompile Include="MathTools.cpp">
      <Filter>Quelldateien</Filter>
    </ClCompile>
    <ClCompile Include="Point.cpp">
      <Filter>Quelldateien</Filter>
    </ClCompile>
    <ClCompile Include="Regex.cpp">
      <Filter>Quelldateien</Filter>
    </ClCompile>
    <ClCompile Include="SettingsStore.cpp">
      <Filter>Quelldateien</Filter>
    </ClCompile>
    <ClCompile Include="SimpleReadWriteLock.cpp">
      <Filter>Quelldateien</Filter>
    </ClCompile>
    <ClCompile Include="SLESolver.cpp">
      <Filter>Quelldateien</Filter>
    </ClCompile>
    <ClCompile Include="SparseMatrix.cpp">
      <Filter>Quelldateien</Filter>
    </ClCompile>
    <ClCompile Include="SparseVector.cpp">
      <Filter>Quelldateien</Filter>
    </ClCompile>
    <ClCompile Include="SQLiteDatabase.cpp">
      <Filter>Quelldateien</Filter>
    </ClCompile>
    <ClCompile Include="SQLiteException.cpp">
      <Filter>Quelldateien</Filter>
    </ClCompile>
    <ClCompile Include="SQLiteTable.cpp">
      <Filter>Quelldateien</Filter>
    </ClCompile>
    <ClCompile Include="SQLiteTableRow.cpp">
      <Filter>Quelldateien</Filter>
    </ClCompile>
    <ClCompile Include="stdafx.cpp">
      <Filter>Quelldateien</Filter>
    </ClCompile>
    <ClCompile Include="StringUtilities.cpp">
      <Filter>Quelldateien</Filter>
    </ClCompile>
    <ClCompile Include="SynchronizedGraph.cpp">
      <Filter>Quelldateien</Filter>
    </ClCompile>
    <ClCompile Include="TextFileOutput.cpp">
      <Filter>Quelldateien</Filter>
    </ClCompile>
    <ClCompile Include="TimeMeasurement.cpp">
      <Filter>Quelldateien</Filter>
    </ClCompile>
    <ClCompile Include="Utilities.cpp">
      <Filter>Quelldateien</Filter>
    </ClCompile>
  </ItemGroup>
</Project>