<?xml version="1.0" encoding="utf-8"?>
<Project ToolsVersion="4.0" xmlns="http://schemas.microsoft.com/developer/msbuild/2003">
  <ItemGroup>
    <Filter Include="Quelldateien">
      <UniqueIdentifier>{4FC737F1-C7A5-4376-A066-2A32D752A2FF}</UniqueIdentifier>
      <Extensions>cpp;c;cc;cxx;c++;cppm;ixx;def;odl;idl;hpj;bat;asm;asmx</Extensions>
    </Filter>
    <Filter Include="Headerdateien">
      <UniqueIdentifier>{93995380-89BD-4b04-88EB-625FBE52EBFB}</UniqueIdentifier>
      <Extensions>h;hh;hpp;hxx;h++;hm;inl;inc;ipp;xsd</Extensions>
    </Filter>
    <Filter Include="Ressourcendateien">
      <UniqueIdentifier>{67DA6AB6-F800-4c08-8B7A-83BB121AAD01}</UniqueIdentifier>
      <Extensions>rc;ico;cur;bmp;dlg;rc2;rct;bin;rgs;gif;jpg;jpeg;jpe;resx;tiff;tif;png;wav;mfcribbon-ms</Extensions>
    </Filter>
  </ItemGroup>
  <ItemGroup>
    <ClInclude Include="3DBuffer.h">
      <Filter>Headerdateien</Filter>
    </ClInclude>
    <ClInclude Include="3DCloud.h">
      <Filter>Headerdateien</Filter>
    </ClInclude>
    <ClInclude Include="BorderCropper.h">
      <Filter>Headerdateien</Filter>
    </ClInclude>
    <ClInclude Include="BrightnessCorrection.h">
      <Filter>Headerdateien</Filter>
    </ClInclude>
    <ClInclude Include="Compositing.h">
      <Filter>Headerdateien</Filter>
    </ClInclude>
    <ClInclude Include="Compositing3DCloud.h">
      <Filter>Headerdateien</Filter>
    </ClInclude>
    <ClInclude Include="CompositingFactory.h">
      <Filter>Headerdateien</Filter>
    </ClInclude>
    <ClInclude Include="CompositingFusion.h">
      <Filter>Headerdateien</Filter>
    </ClInclude>
    <ClInclude Include="CompositingMax.h">
      <Filter>Headerdateien</Filter>
    </ClInclude>
    <ClInclude Include="CompositingParameters.h">
      <Filter>Headerdateien</Filter>
    </ClInclude>
    <ClInclude Include="CompositingTiling.h">
      <Filter>Headerdateien</Filter>
    </ClInclude>
    <ClInclude Include="CompositingVoxelBuffer.h">
      <Filter>Headerdateien</Filter>
    </ClInclude>
    <ClInclude Include="CorrelationOffset.h">
      <Filter>Headerdateien</Filter>
    </ClInclude>
    <ClInclude Include="CorrelationOffsetClassifier.h">
      <Filter>Headerdateien</Filter>
    </ClInclude>
    <ClInclude Include="CorrelationParameters.h">
      <Filter>Headerdateien</Filter>
    </ClInclude>
    <ClInclude Include="DIPLOMTable.h">
      <Filter>Headerdateien</Filter>
    </ClInclude>
    <ClInclude Include="DIPLOMTableRow.h">
      <Filter>Headerdateien</Filter>
    </ClInclude>
    <ClInclude Include="GlobalPositioningParameters.h">
      <Filter>Headerdateien</Filter>
    </ClInclude>
    <ClInclude Include="HRTGlobalPositioning.h">
      <Filter>Headerdateien</Filter>
    </ClInclude>
    <ClInclude Include="HRTImageClassificationData.h">
      <Filter>Headerdateien</Filter>
    </ClInclude>
    <ClInclude Include="HRTImageDepthAndAngleCalculator.h">
      <Filter>Headerdateien</Filter>
    </ClInclude>
    <ClInclude Include="HRTImageDepthAndAngleData.h">
      <Filter>Headerdateien</Filter>
    </ClInclude>
    <ClInclude Include="HrtImageParameters.h">
      <Filter>Headerdateien</Filter>
    </ClInclude>
    <ClInclude Include="HrtIterativeSLEWorker.h">
      <Filter>Headerdateien</Filter>
    </ClInclude>
    <ClInclude Include="HrtPreProcessingParameters.h">
      <Filter>Headerdateien</Filter>
    </ClInclude>
    <ClInclude Include="HrtPreProcessingPipeline.h">
      <Filter>Headerdateien</Filter>
    </ClInclude>
    <ClInclude Include="HrtValidityCodes.h">
      <Filter>Headerdateien</Filter>
    </ClInclude>
    <ClInclude Include="ImageCorrelation.h">
      <Filter>Headerdateien</Filter>
    </ClInclude>
    <ClInclude Include="ImageCorrelator.h">
      <Filter>Headerdateien</Filter>
    </ClInclude>
    <ClInclude Include="ImageLoader.h">
      <Filter>Headerdateien</Filter>
    </ClInclude>
    <ClInclude Include="ImageMasker.h">
      <Filter>Headerdateien</Filter>
    </ClInclude>
    <ClInclude Include="ImagePair.h">
      <Filter>Headerdateien</Filter>
    </ClInclude>
    <ClInclude Include="ImagePairVerificator.h">
      <Filter>Headerdateien</Filter>
    </ClInclude>
    <ClInclude Include="ImageRegistrationData.h">
      <Filter>Headerdateien</Filter>
    </ClInclude>
    <ClInclude Include="ImageRegistrationResult.h">
      <Filter>Headerdateien</Filter>
    </ClInclude>
    <ClInclude Include="ImageRegistrator.h">
      <Filter>Headerdateien</Filter>
    </ClInclude>
    <ClInclude Include="ImageUndistortion.h">
      <Filter>Headerdateien</Filter>
    </ClInclude>
    <ClInclude Include="LockList.h">
      <Filter>Headerdateien</Filter>
    </ClInclude>
    <ClInclude Include="MosaicImageProperties.h">
      <Filter>Headerdateien</Filter>
    </ClInclude>
    <ClInclude Include="NoPairVerificator.h">
      <Filter>Headerdateien</Filter>
    </ClInclude>
    <ClInclude Include="PairVerificatorFactory.h">
      <Filter>Headerdateien</Filter>
    </ClInclude>
    <ClInclude Include="PiezoImageTime.h">
      <Filter>Headerdateien</Filter>
    </ClInclude>
    <ClInclude Include="PositionAwarePairVerificator.h">
      <Filter>Headerdateien</Filter>
    </ClInclude>
    <ClInclude Include="ProcessType.h">
      <Filter>Headerdateien</Filter>
    </ClInclude>
    <ClInclude Include="RegistrationPostProcessor.h">
      <Filter>Headerdateien</Filter>
    </ClInclude>
    <ClInclude Include="RegistrationProcedureParameters.h">
      <Filter>Headerdateien</Filter>
    </ClInclude>
    <ClInclude Include="RegistrationResult.h">
      <Filter>Headerdateien</Filter>
    </ClInclude>
    <ClInclude Include="RegistrationResultLoader.h">
      <Filter>Headerdateien</Filter>
    </ClInclude>
    <ClInclude Include="RegistrationScoreParameters.h">
      <Filter>Headerdateien</Filter>
    </ClInclude>
    <ClInclude Include="RegistrationStrategy.h">
      <Filter>Headerdateien</Filter>
    </ClInclude>
    <ClInclude Include="RegistrationStrategyFactory.h">
      <Filter>Headerdateien</Filter>
    </ClInclude>
    <ClInclude Include="RegistrationStrategyParameters.h">
      <Filter>Headerdateien</Filter>
    </ClInclude>
    <ClInclude Include="RegistrationVerificationParameters.h">
      <Filter>Headerdateien</Filter>
    </ClInclude>
    <ClInclude Include="RegStepFlexibleRegistration.h">
      <Filter>Headerdateien</Filter>
    </ClInclude>
    <ClInclude Include="RegStepImageScalation.h">
      <Filter>Headerdateien</Filter>
    </ClInclude>
    <ClInclude Include="RegStepResidualFilter.h">
      <Filter>Headerdateien</Filter>
    </ClInclude>
    <ClInclude Include="RegStepRigidRegistration.h">
      <Filter>Headerdateien</Filter>
    </ClInclude>
    <ClInclude Include="RegStepScoreThresholdAdapter.h">
      <Filter>Headerdateien</Filter>
    </ClInclude>
    <ClInclude Include="RegStepScoreThresholdApproximator.h">
      <Filter>Headerdateien</Filter>
    </ClInclude>
    <ClInclude Include="RegStepScoreThresholdOptimizer.h">
      <Filter>Headerdateien</Filter>
    </ClInclude>
    <ClInclude Include="RegStepSubImageScoreThresholdAdapter.h">
      <Filter>Headerdateien</Filter>
    </ClInclude>
    <ClInclude Include="RegStepZeroOffsetFilter.h">
      <Filter>Headerdateien</Filter>
    </ClInclude>
    <ClInclude Include="Residual.h">
      <Filter>Headerdateien</Filter>
    </ClInclude>
    <ClInclude Include="RigidRegistrationResult.h">
      <Filter>Headerdateien</Filter>
    </ClInclude>
    <ClInclude Include="ScoreContainer.h">
      <Filter>Headerdateien</Filter>
    </ClInclude>
    <ClInclude Include="ScoreNormalizer.h">
      <Filter>Headerdateien</Filter>
    </ClInclude>
    <ClInclude Include="SNPDatasetBatchProcessor.h">
      <Filter>Headerdateien</Filter>
    </ClInclude>
    <ClInclude Include="SNPDatasetLoader.h">
      <Filter>Headerdateien</Filter>
    </ClInclude>
    <ClInclude Include="SNPDatasetOutputParameters.h">
      <Filter>Headerdateien</Filter>
    </ClInclude>
    <ClInclude Include="SNPDatasetParameterExporter.h">
      <Filter>Headerdateien</Filter>
    </ClInclude>
    <ClInclude Include="SNPDatasetParameterLoader.h">
      <Filter>Headerdateien</Filter>
    </ClInclude>
    <ClInclude Include="SNPDatasetParameters.h">
      <Filter>Headerdateien</Filter>
    </ClInclude>
    <ClInclude Include="SNPDatasetResultLoader.h">
      <Filter>Headerdateien</Filter>
    </ClInclude>
    <ClInclude Include="SNPFusionDataset.h">
      <Filter>Headerdateien</Filter>
    </ClInclude>
    <ClInclude Include="SNPFusionEvent.h">
      <Filter>Headerdateien</Filter>
    </ClInclude>
    <ClInclude Include="SNPFusionEventHandler.h">
      <Filter>Headerdateien</Filter>
    </ClInclude>
    <ClInclude Include="SNPFusionException.h">
      <Filter>Headerdateien</Filter>
    </ClInclude>
    <ClInclude Include="SNPGroupResult.h">
      <Filter>Headerdateien</Filter>
    </ClInclude>
    <ClInclude Include="stdafx.h">
      <Filter>Headerdateien</Filter>
    </ClInclude>
    <ClInclude Include="StlImage.h">
      <Filter>Headerdateien</Filter>
    </ClInclude>
    <ClInclude Include="StlImageAlignedAllocator.h">
      <Filter>Headerdateien</Filter>
    </ClInclude>
    <ClInclude Include="StrategyBackForth.h">
      <Filter>Headerdateien</Filter>
    </ClInclude>
    <ClInclude Include="StrategyComplete.h">
      <Filter>Headerdateien</Filter>
    </ClInclude>
    <ClInclude Include="StrategyGraph.h">
      <Filter>Headerdateien</Filter>
    </ClInclude>
    <ClInclude Include="StrategyPlanes.h">
      <Filter>Headerdateien</Filter>
    </ClInclude>
    <ClInclude Include="StrategySector.h">
      <Filter>Headerdateien</Filter>
    </ClInclude>
    <ClInclude Include="StrategyStep.h">
      <Filter>Headerdateien</Filter>
    </ClInclude>
    <ClInclude Include="StrategyWindow.h">
      <Filter>Headerdateien</Filter>
    </ClInclude>
    <ClInclude Include="SubImageCorrelation.h">
      <Filter>Headerdateien</Filter>
    </ClInclude>
    <ClInclude Include="SubImageCorrelator.h">
      <Filter>Headerdateien</Filter>
    </ClInclude>
    <ClInclude Include="TreeBasedPairVerificator.h">
      <Filter>Headerdateien</Filter>
    </ClInclude>
    <ClInclude Include="UndistortedImage.h">
      <Filter>Headerdateien</Filter>
    </ClInclude>
    <ClInclude Include="VignettingCorrection.h">
      <Filter>Headerdateien</Filter>
    </ClInclude>
  </ItemGroup>
  <ItemGroup>
    <ClCompile Include="3DBuffer.cpp">
      <Filter>Quelldateien</Filter>
    </ClCompile>
    <ClCompile Include="3DCloud.cpp">
      <Filter>Quelldateien</Filter>
    </ClCompile>
    <ClCompile Include="BorderCropper.cpp">
      <Filter>Quelldateien</Filter>
    </ClCompile>
    <ClCompile Include="BrightnessCorrection.cpp">
      <Filter>Quelldateien</Filter>
    </ClCompile>
    <ClCompile Include="Compositing.cpp">
      <Filter>Quelldateien</Filter>
    </ClCompile>
    <ClCompile Include="Compositing3DCloud.cpp">
      <Filter>Quelldateien</Filter>
    </ClCompile>
    <ClCompile Include="CompositingFactory.cpp">
      <Filter>Quelldateien</Filter>
    </ClCompile>
    <ClCompile Include="CompositingFusion.cpp">
      <Filter>Quelldateien</Filter>
    </ClCompile>
    <ClCompile Include="CompositingMax.cpp">
      <Filter>Quelldateien</Filter>
    </ClCompile>
    <ClCompile Include="CompositingParameters.cpp">
      <Filter>Quelldateien</Filter>
    </ClCompile>
    <ClCompile Include="CompositingTiling.cpp">
      <Filter>Quelldateien</Filter>
    </ClCompile>
    <ClCompile Include="CompositingVoxelBuffer.cpp">
      <Filter>Quelldateien</Filter>
    </ClCompile>
    <ClCompile Include="CorrelationOffset.cpp">
      <Filter>Quelldateien</Filter>
    </ClCompile>
    <ClCompile Include="CorrelationOffsetClassifier.cpp">
      <Filter>Quelldateien</Filter>
    </ClCompile>
    <ClCompile Include="CorrelationParameters.cpp">
      <Filter>Quelldateien</Filter>
    </ClCompile>
    <ClCompile Include="DIPLOMTable.cpp">
      <Filter>Quelldateien</Filter>
    </ClCompile>
    <ClCompile Include="DIPLOMTableRow.cpp">
      <Filter>Quelldateien</Filter>
    </ClCompile>
    <ClCompile Include="HRTGlobalPositioning.cpp">
      <Filter>Quelldateien</Filter>
    </ClCompile>
    <ClCompile Include="HRTImageClassificationData.cpp">
      <Filter>Quelldateien</Filter>
    </ClCompile>
    <ClCompile Include="HRTImageDepthAndAngleCalculator.cpp">
      <Filter>Quelldateien</Filter>
    </ClCompile>
    <ClCompile Include="HRTImageDepthAndAngleData.cpp">
      <Filter>Quelldateien</Filter>
    </ClCompile>
    <ClCompile Include="HrtIterativeSLEWorker.cpp">
      <Filter>Quelldateien</Filter>
    </ClCompile>
    <ClCompile Include="HrtPreProcessingPipeline.cpp">
      <Filter>Quelldateien</Filter>
    </ClCompile>
    <ClCompile Include="ImageCorrelation.cpp">
      <Filter>Quelldateien</Filter>
    </ClCompile>
    <ClCompile Include="ImageCorrelator.cpp">
      <Filter>Quelldateien</Filter>
    </ClCompile>
    <ClCompile Include="ImageLoader.cpp">
      <Filter>Quelldateien</Filter>
    </ClCompile>
    <ClCompile Include="ImageMasker.cpp">
      <Filter>Quelldateien</Filter>
    </ClCompile>
    <ClCompile Include="ImagePair.cpp">
      <Filter>Quelldateien</Filter>
    </ClCompile>
    <ClCompile Include="ImagePairVerificator.cpp">
      <Filter>Quelldateien</Filter>
    </ClCompile>
    <ClCompile Include="ImageRegistrationData.cpp">
      <Filter>Quelldateien</Filter>
    </ClCompile>
    <ClCompile Include="ImageRegistrationResult.cpp">
      <Filter>Quelldateien</Filter>
    </ClCompile>
    <ClCompile Include="ImageRegistrator.cpp">
      <Filter>Quelldateien</Filter>
    </ClCompile>
    <ClCompile Include="ImageUndistortion.cpp">
      <Filter>Quelldateien</Filter>
    </ClCompile>
    <ClCompile Include="LockList.cpp">
      <Filter>Quelldateien</Filter>
    </ClCompile>
    <ClCompile Include="MosaicImageProperties.cpp">
      <Filter>Quelldateien</Filter>
    </ClCompile>
    <ClCompile Include="NoPairVerificator.cpp">
      <Filter>Quelldateien</Filter>
    </ClCompile>
    <ClCompile Include="PairVerificatorFactory.cpp">
      <Filter>Quelldateien</Filter>
    </ClCompile>
    <ClCompile Include="PiezoImageTime.cpp">
      <Filter>Quelldateien</Filter>
    </ClCompile>
    <ClCompile Include="PositionAwarePairVerificator.cpp">
      <Filter>Quelldateien</Filter>
    </ClCompile>
    <ClCompile Include="ProcessType.cpp">
      <Filter>Quelldateien</Filter>
    </ClCompile>
    <ClCompile Include="RegistrationPostProcessor.cpp">
      <Filter>Quelldateien</Filter>
    </ClCompile>
    <ClCompile Include="RegistrationProcedureParameters.cpp">
      <Filter>Quelldateien</Filter>
    </ClCompile>
    <ClCompile Include="RegistrationResult.cpp">
      <Filter>Quelldateien</Filter>
    </ClCompile>
    <ClCompile Include="RegistrationResultLoader.cpp">
      <Filter>Quelldateien</Filter>
    </ClCompile>
    <ClCompile Include="RegistrationStrategy.cpp">
      <Filter>Quelldateien</Filter>
    </ClCompile>
    <ClCompile Include="RegistrationStrategyFactory.cpp">
      <Filter>Quelldateien</Filter>
    </ClCompile>
    <ClCompile Include="RegStepFlexibleRegistration.cpp">
      <Filter>Quelldateien</Filter>
    </ClCompile>
    <ClCompile Include="RegStepImageScalation.cpp">
      <Filter>Quelldateien</Filter>
    </ClCompile>
    <ClCompile Include="RegStepResidualFilter.cpp">
      <Filter>Quelldateien</Filter>
    </ClCompile>
    <ClCompile Include="RegStepRigidRegistration.cpp">
      <Filter>Quelldateien</Filter>
    </ClCompile>
    <ClCompile Include="RegStepScoreThresholdAdapter.cpp">
      <Filter>Quelldateien</Filter>
    </ClCompile>
    <ClCompile Include="RegStepScoreThresholdApproximator.cpp">
      <Filter>Quelldateien</Filter>
    </ClCompile>
    <ClCompile Include="RegStepScoreThresholdOptimizer.cpp">
      <Filter>Quelldateien</Filter>
    </ClCompile>
    <ClCompile Include="RegStepSubImageScoreThresholdAdapter.cpp">
      <Filter>Quelldateien</Filter>
    </ClCompile>
    <ClCompile Include="RegStepZeroOffsetFilter.cpp">
      <Filter>Quelldateien</Filter>
    </ClCompile>
    <ClCompile Include="Residual.cpp">
      <Filter>Quelldateien</Filter>
    </ClCompile>
    <ClCompile Include="RigidRegistrationResult.cpp">
      <Filter>Quelldateien</Filter>
    </ClCompile>
    <ClCompile Include="ScoreContainer.cpp">
      <Filter>Quelldateien</Filter>
    </ClCompile>
    <ClCompile Include="ScoreNormalizer.cpp">
      <Filter>Quelldateien</Filter>
    </ClCompile>
    <ClCompile Include="SNPDatasetBatchProcessor.cpp">
      <Filter>Quelldateien</Filter>
    </ClCompile>
    <ClCompile Include="SNPDatasetLoader.cpp">
      <Filter>Quelldateien</Filter>
    </ClCompile>
    <ClCompile Include="SNPDatasetOutputParameters.cpp">
      <Filter>Quelldateien</Filter>
    </ClCompile>
    <ClCompile Include="SNPDatasetParameterExporter.cpp">
      <Filter>Quelldateien</Filter>
    </ClCompile>
    <ClCompile Include="SNPDatasetParameterLoader.cpp">
      <Filter>Quelldateien</Filter>
    </ClCompile>
    <ClCompile Include="SNPDatasetParameters.cpp">
      <Filter>Quelldateien</Filter>
    </ClCompile>
    <ClCompile Include="SNPDatasetResultLoader.cpp">
      <Filter>Quelldateien</Filter>
    </ClCompile>
    <ClCompile Include="SNPFusionDataset.cpp">
      <Filter>Quelldateien</Filter>
    </ClCompile>
    <ClCompile Include="SNPFusionEvent.cpp">
      <Filter>Quelldateien</Filter>
    </ClCompile>
    <ClCompile Include="SNPFusionException.cpp">
      <Filter>Quelldateien</Filter>
    </ClCompile>
    <ClCompile Include="stdafx.cpp">
      <Filter>Quelldateien</Filter>
    </ClCompile>
    <ClCompile Include="StlImage.cpp">
      <Filter>Quelldateien</Filter>
    </ClCompile>
    <ClCompile Include="StrategyBackForth.cpp">
      <Filter>Quelldateien</Filter>
    </ClCompile>
    <ClCompile Include="StrategyComplete.cpp">
      <Filter>Quelldateien</Filter>
    </ClCompile>
    <ClCompile Include="StrategyGraph.cpp">
      <Filter>Quelldateien</Filter>
    </ClCompile>
    <ClCompile Include="StrategyPlanes.cpp">
      <Filter>Quelldateien</Filter>
    </ClCompile>
    <ClCompile Include="StrategySector.cpp">
      <Filter>Quelldateien</Filter>
    </ClCompile>
    <ClCompile Include="StrategyStep.cpp">
      <Filter>Quelldateien</Filter>
    </ClCompile>
    <ClCompile Include="StrategyWindow.cpp">
      <Filter>Quelldateien</Filter>
    </ClCompile>
    <ClCompile Include="SubImageCorrelation.cpp">
      <Filter>Quelldateien</Filter>
    </ClCompile>
    <ClCompile Include="SubImageCorrelator.cpp">
      <Filter>Quelldateien</Filter>
    </ClCompile>
    <ClCompile Include="TreeBasedPairVerificator.cpp">
      <Filter>Quelldateien</Filter>
    </ClCompile>
    <ClCompile Include="VignettingCorrection.cpp">
      <Filter>Quelldateien</Filter>
    </ClCompile>
  </ItemGroup>
</Project>